# THIS IS AN AUTOGENERATED FILE. DO NOT EDIT THIS FILE DIRECTLY.
# yarn lockfile v1


hotkeys-js@>=3:
  version "3.9.5"
  resolved "https://registry.yarnpkg.com/hotkeys-js/-/hotkeys-js-3.9.5.tgz#8314d0522bf2601e36003213047e9dc7d56d19fe"
  integrity sha512-T0G8CUZ6Q1IOgPnLK1hDXR8DqgKF/VWEsHvZgi6CM7Ub9oOAzvWuJ3Qhc/9nFQaR26MfFOZSwULHrtCnsUX7zA==

stimulus-dropdown@^2.0.0:
  version "2.0.0"
  resolved "https://registry.yarnpkg.com/stimulus-dropdown/-/stimulus-dropdown-2.0.0.tgz#3d401e418be21787f182c0de4bf0d2fd91cfbf8e"
  integrity sha512-3VUZ4TI9qHvzw+sOEX1oQA8Pw8C/K5yI+oltr5B9DTwFzuJrFZRWR33OK3ERllzZep+quvHZZljIpIRifKCmCg==
  dependencies:
    stimulus-use "^0.50.0-2"

stimulus-use@^0.50.0-2:
  version "0.50.0"
  resolved "https://registry.yarnpkg.com/stimulus-use/-/stimulus-use-0.50.0.tgz#0bae92fbb1fd961cbb23569f9edd12ae642ce4a6"
  integrity sha512-9NScZQiOycQdzh8VZ15pxk6ep/a22fgha2halOvZFpJITC4nsTbWlO7D1hm+9LspFxa5b28tQhm3XkbH/qAlGw==
  dependencies:
    hotkeys-js ">=3"
